
Microsoft Visual Studio Solution File, Format Version 12.00
Project("{FAE04EC0-301F-11D3-BF4B-00C04F79EFBC}") = "BulkyBookWeb", "BulkyBookWeb\BulkyBookWeb.csproj", "{63FFC47D-32DF-4CB7-BC94-1627AE129CEA}"
EndProject
Project("{FAE04EC0-301F-11D3-BF4B-00C04F79EFBC}") = "BulkyWebRazor_Temp", "BulkyWebRazor_Temp\BulkyWebRazor_Temp.csproj", "{4C575DEB-2AFE-437B-9588-69F32BDD3531}"
EndProject
Project("{FAE04EC0-301F-11D3-BF4B-00C04F79EFBC}") = "BulkyBook.DataAccess", "BulkyBook.DataAccess\BulkyBook.DataAccess.csproj", "{31E3971A-42A9-46E5-8087-DBFE89EC727D}"
EndProject
Project("{FAE04EC0-301F-11D3-BF4B-00C04F79EFBC}") = "BulkyBook.Models", "BulkyBook.Models\BulkyBook.Models.csproj", "{576405E6-4631-486E-B829-E58587109836}"
EndProject
Project("{FAE04EC0-301F-11D3-BF4B-00C04F79EFBC}") = "BulkyBook.Utility", "BulkyBook.Utility\BulkyBook.Utility.csproj", "{709436AD-76FC-4344-9FB8-C8F64E56D232}"
EndProject
Global
	GlobalSection(SolutionConfigurationPlatforms) = preSolution
		Debug|Any CPU = Debug|Any CPU
		Release|Any CPU = Release|Any CPU
	EndGlobalSection
	GlobalSection(ProjectConfigurationPlatforms) = postSolution
		{63FFC47D-32DF-4CB7-BC94-1627AE129CEA}.Debug|Any CPU.ActiveCfg = Debug|Any CPU
		{63FFC47D-32DF-4CB7-BC94-1627AE129CEA}.Debug|Any CPU.Build.0 = Debug|Any CPU
		{63FFC47D-32DF-4CB7-BC94-1627AE129CEA}.Release|Any CPU.ActiveCfg = Release|Any CPU
		{63FFC47D-32DF-4CB7-BC94-1627AE129CEA}.Release|Any CPU.Build.0 = Release|Any CPU
		{4C575DEB-2AFE-437B-9588-69F32BDD3531}.Debug|Any CPU.ActiveCfg = Debug|Any CPU
		{4C575DEB-2AFE-437B-9588-69F32BDD3531}.Debug|Any CPU.Build.0 = Debug|Any CPU
		{4C575DEB-2AFE-437B-9588-69F32BDD3531}.Release|Any CPU.ActiveCfg = Release|Any CPU
		{4C575DEB-2AFE-437B-9588-69F32BDD3531}.Release|Any CPU.Build.0 = Release|Any CPU
		{31E3971A-42A9-46E5-8087-DBFE89EC727D}.Debug|Any CPU.ActiveCfg = Debug|Any CPU
		{31E3971A-42A9-46E5-8087-DBFE89EC727D}.Debug|Any CPU.Build.0 = Debug|Any CPU
		{31E3971A-42A9-46E5-8087-DBFE89EC727D}.Release|Any CPU.ActiveCfg = Release|Any CPU
		{31E3971A-42A9-46E5-8087-DBFE89EC727D}.Release|Any CPU.Build.0 = Release|Any CPU
		{576405E6-4631-486E-B829-E58587109836}.Debug|Any CPU.ActiveCfg = Debug|Any CPU
		{576405E6-4631-486E-B829-E58587109836}.Debug|Any CPU.Build.0 = Debug|Any CPU
		{576405E6-4631-486E-B829-E58587109836}.Release|Any CPU.ActiveCfg = Release|Any CPU
		{576405E6-4631-486E-B829-E58587109836}.Release|Any CPU.Build.0 = Release|Any CPU
		{709436AD-76FC-4344-9FB8-C8F64E56D232}.Debug|Any CPU.ActiveCfg = Debug|Any CPU
		{709436AD-76FC-4344-9FB8-C8F64E56D232}.Debug|Any CPU.Build.0 = Debug|Any CPU
		{709436AD-76FC-4344-9FB8-C8F64E56D232}.Release|Any CPU.ActiveCfg = Release|Any CPU
		{709436AD-76FC-4344-9FB8-C8F64E56D232}.Release|Any CPU.Build.0 = Release|Any CPU
	EndGlobalSection
EndGlobal
